speakeasyVersion: 1.716.2
sources:
    Attio API:
        sourceNamespace: attio-api
        sourceRevisionDigest: sha256:093fd1486cd4f7d7c10f86d6f7b7bf80c80f5d6f9b14273c81e16794d5a30f5a
        sourceBlobDigest: sha256:1470bfcb7673c995393eb04af0ceded373ddafd3451373b7f266ae29709ab692
        tags:
            - latest
            - 2.0.0
targets:
    attio:
        source: Attio API
        sourceNamespace: attio-api
        sourceRevisionDigest: sha256:093fd1486cd4f7d7c10f86d6f7b7bf80c80f5d6f9b14273c81e16794d5a30f5a
        sourceBlobDigest: sha256:1470bfcb7673c995393eb04af0ceded373ddafd3451373b7f266ae29709ab692
        codeSamplesNamespace: attio-api-typescript-code-samples
        codeSamplesRevisionDigest: sha256:8276d6a14c8c0bd46fa3032f6867c26f349c198696e5859fb9de1c8a00ecde24
workflow:
    workflowVersion: 1.0.0
    speakeasyVersion: latest
    sources:
        Attio API:
            inputs:
                - location: https://api.attio.com/openapi/api
            output: .speakeasy/out.openapi.yaml
            registry:
                location: registry.speakeasyapi.dev/interfere/api/attio-api
    targets:
        attio:
            target: typescript
            source: Attio API
            codeSamples:
                registry:
                    location: registry.speakeasyapi.dev/interfere/api/attio-api-typescript-code-samples
                labelOverride:
                    fixedValue: Typescript (SDK)
                blocking: false
