speakeasyVersion: 1.755.1
sources:
    Attio API:
        sourceNamespace: attio-api
        sourceRevisionDigest: sha256:6fecea47deed3574dddfa2f2299e71655687ea1c84ea83b1a1d88ca9b65106da
        sourceBlobDigest: sha256:183d8a134135a7c6d29fb4641ac8484f855323c9b76453d027adf67095285e6f
        tags:
            - latest
            - 2.0.0
targets:
    attio:
        source: Attio API
        sourceNamespace: attio-api
        sourceRevisionDigest: sha256:6fecea47deed3574dddfa2f2299e71655687ea1c84ea83b1a1d88ca9b65106da
        sourceBlobDigest: sha256:183d8a134135a7c6d29fb4641ac8484f855323c9b76453d027adf67095285e6f
        codeSamplesNamespace: attio-api-typescript-code-samples
        codeSamplesRevisionDigest: sha256:0f19ab1c6bb02b6d7c35730b102070908bb13bd39be7445634c582e7d3deab41
workflow:
    workflowVersion: 1.0.0
    speakeasyVersion: latest
    sources:
        Attio API:
            inputs:
                - location: https://api.attio.com/openapi/api
            overlays:
                - location: .speakeasy/speakeasy-modifications-overlay.yaml
            output: .speakeasy/out.openapi.yaml
            registry:
                location: registry.speakeasyapi.dev/interfere/api/attio-api
    targets:
        attio:
            target: typescript
            source: Attio API
            publish:
                npm:
                    token: $npm_token
            codeSamples:
                registry:
                    location: registry.speakeasyapi.dev/interfere/api/attio-api-typescript-code-samples
                labelOverride:
                    fixedValue: Typescript (SDK)
                blocking: false
