speakeasyVersion: 1.798.0
sources:
    Attio API:
        sourceNamespace: attio-api
        sourceRevisionDigest: sha256:c5265416a5c5d57fbe9a243c09b78f9f6a7dc9d32d9212e37bebe801cfca76f6
        sourceBlobDigest: sha256:35f3661c0ac991969a75da3a3064656f8da6fad051af1764aadefb54417201b2
        tags:
            - latest
            - 2.0.0
targets:
    attio:
        source: Attio API
        sourceNamespace: attio-api
        sourceRevisionDigest: sha256:c5265416a5c5d57fbe9a243c09b78f9f6a7dc9d32d9212e37bebe801cfca76f6
        sourceBlobDigest: sha256:35f3661c0ac991969a75da3a3064656f8da6fad051af1764aadefb54417201b2
        codeSamplesNamespace: attio-api-typescript-code-samples
        codeSamplesRevisionDigest: sha256:347d583dc36dec493f8fc9eabd3439c43233af8a43c798f861c4900b2ecd233f
workflow:
    workflowVersion: 1.0.0
    speakeasyVersion: latest
    sources:
        Attio API:
            inputs:
                - location: https://api.attio.com/openapi/api
            overlays:
                - location: .speakeasy/overlays/enum-fixes-overlay.yaml
                - location: .speakeasy/overlays/single-value-enum-to-const-overlay.yaml
                - location: .speakeasy/overlays/variant-naming-overlay.yaml
                - location: .speakeasy/overlays/speakeasy-modifications-overlay.yaml
            transformations:
                - removeUnused: true
                - cleanup: true
                - format: true
            output: .speakeasy/outputs/attio.openapi.yaml
            registry:
                location: registry.speakeasyapi.dev/interfere/api/attio-api
    targets:
        attio:
            target: typescript
            source: Attio API
            publish:
                npm:
                    token: $npm_token
            codeSamples:
                registry:
                    location: registry.speakeasyapi.dev/interfere/api/attio-api-typescript-code-samples
                labelOverride:
                    fixedValue: Typescript (SDK)
                blocking: false
